// !$*UTF8*$!
{
	archiveVersion = 1;
	classes = {
	};
	objectVersion = 77;
	objects = {

/* Begin PBXBuildFile section */
		007AF544E1FF81F9EA4E4AB8 /* Assets.xcassets in Resources */ = {isa = PBXBuildFile; fileRef = 9A119A8D4D9AEE12B4951C34 /* Assets.xcassets */; };
		058428C8BF4F4F7229504B6B /* MealCard.swift in Sources */ = {isa = PBXBuildFile; fileRef = D92C1630BF2BB302B00949FB /* MealCard.swift */; };
		1028BA20BB193DA287D478E9 /* MiseEnPlaceApp.swift in Sources */ = {isa = PBXBuildFile; fileRef = 39B5966047465780F3607801 /* MiseEnPlaceApp.swift */; };
		132EBCFAD3CA92CD768297A4 /* DataSeeder.swift in Sources */ = {isa = PBXBuildFile; fileRef = 8BB5021371C3210E1686FDEE /* DataSeeder.swift */; };
		2BECB50BC4E472DD11F9E59E /* StatBadge.swift in Sources */ = {isa = PBXBuildFile; fileRef = A0447F1C3A4CB53D43F23837 /* StatBadge.swift */; };
		54D19FB76A0265967520D60E /* SimilarMealsRow.swift in Sources */ = {isa = PBXBuildFile; fileRef = 2F02726735CA5AA1184A5356 /* SimilarMealsRow.swift */; };
		56167BC8E90F8EAB33C05F0C /* FavoritesView.swift in Sources */ = {isa = PBXBuildFile; fileRef = 4FA82763CE5BD5D5F62271C0 /* FavoritesView.swift */; };
		5FD1B1DB0BAF4B25D3CE28B4 /* GroceryListView.swift in Sources */ = {isa = PBXBuildFile; fileRef = 2BC08452911B2D19339C4A6F /* GroceryListView.swift */; };
		65DC7CFADBF0BA33B420C3A6 /* MealImage.swift in Sources */ = {isa = PBXBuildFile; fileRef = E04158DC68B74C07EC62CD8D /* MealImage.swift */; };
		69F534DD88D0CC25BBE2737D /* PlannerView.swift in Sources */ = {isa = PBXBuildFile; fileRef = 401E42A5F9C7D525DA995A42 /* PlannerView.swift */; };
		9F6D760E25DD2ED2D49201A2 /* SignInSheet.swift in Sources */ = {isa = PBXBuildFile; fileRef = 3C1B897AD6C4493B5A4BE682 /* SignInSheet.swift */; };
		A7E01BD06AA5A045B125DD0F /* FeedView.swift in Sources */ = {isa = PBXBuildFile; fileRef = 676D0758CB789AFDCCC3AEC0 /* FeedView.swift */; };
		B78AA08F2906008FE2A0D7CE /* MealActions.swift in Sources */ = {isa = PBXBuildFile; fileRef = 770D7E6AF7EAF44545757F3B /* MealActions.swift */; };
		CCBC73DEE144BD79209415A3 /* MealDetailView.swift in Sources */ = {isa = PBXBuildFile; fileRef = EB3203268AA3E9C98C2DE327 /* MealDetailView.swift */; };
		DA815B567A705775665E1303 /* meals.json in Resources */ = {isa = PBXBuildFile; fileRef = 9234DFD7AE4BD6A7A0CE5E04 /* meals.json */; };
		EC47806B74BCBC178E9A1DF3 /* Meal.swift in Sources */ = {isa = PBXBuildFile; fileRef = 4D0D82DC17756A73FA734D67 /* Meal.swift */; };
		EFC88BCC68DCB58E539BC180 /* Theme.swift in Sources */ = {isa = PBXBuildFile; fileRef = 9B6CE0867665B07C932FEBF3 /* Theme.swift */; };
		FEE31488CB4573B9F4ECC967 /* SimilarMealsCard.swift in Sources */ = {isa = PBXBuildFile; fileRef = 80ED54D1556BE6E9B6EC980E /* SimilarMealsCard.swift */; };
/* End PBXBuildFile section */

/* Begin PBXFileReference section */
		2BC08452911B2D19339C4A6F /* GroceryListView.swift */ = {isa = PBXFileReference; lastKnownFileType = sourcecode.swift; path = GroceryListView.swift; sourceTree = "<group>"; };
		2F02726735CA5AA1184A5356 /* SimilarMealsRow.swift */ = {isa = PBXFileReference; lastKnownFileType = sourcecode.swift; path = SimilarMealsRow.swift; sourceTree = "<group>"; };
		39B5966047465780F3607801 /* MiseEnPlaceApp.swift */ = {isa = PBXFileReference; lastKnownFileType = sourcecode.swift; path = MiseEnPlaceApp.swift; sourceTree = "<group>"; };
		3C1B897AD6C4493B5A4BE682 /* SignInSheet.swift */ = {isa = PBXFileReference; lastKnownFileType = sourcecode.swift; path = SignInSheet.swift; sourceTree = "<group>"; };
		401E42A5F9C7D525DA995A42 /* PlannerView.swift */ = {isa = PBXFileReference; lastKnownFileType = sourcecode.swift; path = PlannerView.swift; sourceTree = "<group>"; };
		46085B249311AEFEF7886AEC /* MiseEnPlace.app */ = {isa = PBXFileReference; includeInIndex = 0; lastKnownFileType = wrapper.application; path = MiseEnPlace.app; sourceTree = BUILT_PRODUCTS_DIR; };
		4D0D82DC17756A73FA734D67 /* Meal.swift */ = {isa = PBXFileReference; lastKnownFileType = sourcecode.swift; path = Meal.swift; sourceTree = "<group>"; };
		4FA82763CE5BD5D5F62271C0 /* FavoritesView.swift */ = {isa = PBXFileReference; lastKnownFileType = sourcecode.swift; path = FavoritesView.swift; sourceTree = "<group>"; };
		55E80F8C361D56A15B72B452 /* .gitkeep */ = {isa = PBXFileReference; path = .gitkeep; sourceTree = "<group>"; };
		676D0758CB789AFDCCC3AEC0 /* FeedView.swift */ = {isa = PBXFileReference; lastKnownFileType = sourcecode.swift; path = FeedView.swift; sourceTree = "<group>"; };
		770D7E6AF7EAF44545757F3B /* MealActions.swift */ = {isa = PBXFileReference; lastKnownFileType = sourcecode.swift; path = MealActions.swift; sourceTree = "<group>"; };
		80ED54D1556BE6E9B6EC980E /* SimilarMealsCard.swift */ = {isa = PBXFileReference; lastKnownFileType = sourcecode.swift; path = SimilarMealsCard.swift; sourceTree = "<group>"; };
		8BB5021371C3210E1686FDEE /* DataSeeder.swift */ = {isa = PBXFileReference; lastKnownFileType = sourcecode.swift; path = DataSeeder.swift; sourceTree = "<group>"; };
		9234DFD7AE4BD6A7A0CE5E04 /* meals.json */ = {isa = PBXFileReference; lastKnownFileType = text.json; path = meals.json; sourceTree = "<group>"; };
		9A119A8D4D9AEE12B4951C34 /* Assets.xcassets */ = {isa = PBXFileReference; lastKnownFileType = folder.assetcatalog; path = Assets.xcassets; sourceTree = "<group>"; };
		9B6CE0867665B07C932FEBF3 /* Theme.swift */ = {isa = PBXFileReference; lastKnownFileType = sourcecode.swift; path = Theme.swift; sourceTree = "<group>"; };
		A0447F1C3A4CB53D43F23837 /* StatBadge.swift */ = {isa = PBXFileReference; lastKnownFileType = sourcecode.swift; path = StatBadge.swift; sourceTree = "<group>"; };
		D92C1630BF2BB302B00949FB /* MealCard.swift */ = {isa = PBXFileReference; lastKnownFileType = sourcecode.swift; path = MealCard.swift; sourceTree = "<group>"; };
		E04158DC68B74C07EC62CD8D /* MealImage.swift */ = {isa = PBXFileReference; lastKnownFileType = sourcecode.swift; path = MealImage.swift; sourceTree = "<group>"; };
		EB3203268AA3E9C98C2DE327 /* MealDetailView.swift */ = {isa = PBXFileReference; lastKnownFileType = sourcecode.swift; path = MealDetailView.swift; sourceTree = "<group>"; };
/* End PBXFileReference section */

/* Begin PBXGroup section */
		0543CFAF088ABEBB3C7A0A33 /* Views */ = {
			isa = PBXGroup;
			children = (
				D08AFE0241D755ED3432A6D0 /* Detail */,
				FC3ACAC3EDAB9E524F98D1CD /* Feed */,
				57596D2DE4493B26E06B5ACD /* GroceryList */,
				1BE1E11CD9E36882AA1AFD01 /* Planner */,
				194C327A057BA0141A17B609 /* Shared */,
			);
			name = Views;
			path = MiseEnPlace/Views;
			sourceTree = "<group>";
		};
		09E87B9886EC2E3CB0AB6655 /* Models */ = {
			isa = PBXGroup;
			children = (
				4D0D82DC17756A73FA734D67 /* Meal.swift */,
			);
			name = Models;
			path = MiseEnPlace/Models;
			sourceTree = "<group>";
		};
		14135B1037FFAD9D922D7682 /* Products */ = {
			isa = PBXGroup;
			children = (
				46085B249311AEFEF7886AEC /* MiseEnPlace.app */,
			);
			name = Products;
			sourceTree = "<group>";
		};
		194C327A057BA0141A17B609 /* Shared */ = {
			isa = PBXGroup;
			children = (
				770D7E6AF7EAF44545757F3B /* MealActions.swift */,
				E04158DC68B74C07EC62CD8D /* MealImage.swift */,
				3C1B897AD6C4493B5A4BE682 /* SignInSheet.swift */,
				A0447F1C3A4CB53D43F23837 /* StatBadge.swift */,
				9B6CE0867665B07C932FEBF3 /* Theme.swift */,
			);
			path = Shared;
			sourceTree = "<group>";
		};
		1BE1E11CD9E36882AA1AFD01 /* Planner */ = {
			isa = PBXGroup;
			children = (
				401E42A5F9C7D525DA995A42 /* PlannerView.swift */,
			);
			path = Planner;
			sourceTree = "<group>";
		};
		443F164C9B44FBF4F5AC3CE5 = {
			isa = PBXGroup;
			children = (
				51BE8B74D96E5BB8DBA7F143 /* App */,
				09E87B9886EC2E3CB0AB6655 /* Models */,
				77F8299CC4ACA2AA206837DD /* Resources */,
				6E56CEEFFE224712C8591642 /* Services */,
				0543CFAF088ABEBB3C7A0A33 /* Views */,
				14135B1037FFAD9D922D7682 /* Products */,
			);
			sourceTree = "<group>";
		};
		51BE8B74D96E5BB8DBA7F143 /* App */ = {
			isa = PBXGroup;
			children = (
				8BB5021371C3210E1686FDEE /* DataSeeder.swift */,
				39B5966047465780F3607801 /* MiseEnPlaceApp.swift */,
			);
			name = App;
			path = MiseEnPlace/App;
			sourceTree = "<group>";
		};
		57596D2DE4493B26E06B5ACD /* GroceryList */ = {
			isa = PBXGroup;
			children = (
				2BC08452911B2D19339C4A6F /* GroceryListView.swift */,
			);
			path = GroceryList;
			sourceTree = "<group>";
		};
		6E56CEEFFE224712C8591642 /* Services */ = {
			isa = PBXGroup;
			children = (
				55E80F8C361D56A15B72B452 /* .gitkeep */,
			);
			name = Services;
			path = MiseEnPlace/Services;
			sourceTree = "<group>";
		};
		77F8299CC4ACA2AA206837DD /* Resources */ = {
			isa = PBXGroup;
			children = (
				9A119A8D4D9AEE12B4951C34 /* Assets.xcassets */,
				9234DFD7AE4BD6A7A0CE5E04 /* meals.json */,
			);
			name = Resources;
			path = MiseEnPlace/Resources;
			sourceTree = "<group>";
		};
		D08AFE0241D755ED3432A6D0 /* Detail */ = {
			isa = PBXGroup;
			children = (
				EB3203268AA3E9C98C2DE327 /* MealDetailView.swift */,
				2F02726735CA5AA1184A5356 /* SimilarMealsRow.swift */,
			);
			path = Detail;
			sourceTree = "<group>";
		};
		FC3ACAC3EDAB9E524F98D1CD /* Feed */ = {
			isa = PBXGroup;
			children = (
				4FA82763CE5BD5D5F62271C0 /* FavoritesView.swift */,
				676D0758CB789AFDCCC3AEC0 /* FeedView.swift */,
				D92C1630BF2BB302B00949FB /* MealCard.swift */,
				80ED54D1556BE6E9B6EC980E /* SimilarMealsCard.swift */,
			);
			path = Feed;
			sourceTree = "<group>";
		};
/* End PBXGroup section */

/* Begin PBXNativeTarget section */
		79EFD68C278395A42284F483 /* MiseEnPlace */ = {
			isa = PBXNativeTarget;
			buildConfigurationList = B16052C2DE1A737D9A4EE037 /* Build configuration list for PBXNativeTarget "MiseEnPlace" */;
			buildPhases = (
				AD3954CAE60DF80D87766324 /* Sources */,
				0AB224510126D5739F2DB346 /* Resources */,
			);
			buildRules = (
			);
			dependencies = (
			);
			name = MiseEnPlace;
			packageProductDependencies = (
			);
			productName = MiseEnPlace;
			productReference = 46085B249311AEFEF7886AEC /* MiseEnPlace.app */;
			productType = "com.apple.product-type.application";
		};
/* End PBXNativeTarget section */

/* Begin PBXProject section */
		20296B70CC79316D0FA43549 /* Project object */ = {
			isa = PBXProject;
			attributes = {
				BuildIndependentTargetsInParallel = YES;
				LastUpgradeCheck = 1630;
				TargetAttributes = {
					79EFD68C278395A42284F483 = {
						DevelopmentTeam = VMXQN9K3P2;
						ProvisioningStyle = Automatic;
					};
				};
			};
			buildConfigurationList = 8705F29D135F9D939FDDCD59 /* Build configuration list for PBXProject "MiseEnPlace" */;
			developmentRegion = en;
			hasScannedForEncodings = 0;
			knownRegions = (
				Base,
				en,
			);
			mainGroup = 443F164C9B44FBF4F5AC3CE5;
			minimizedProjectReferenceProxies = 1;
			preferredProjectObjectVersion = 77;
			productRefGroup = 14135B1037FFAD9D922D7682 /* Products */;
			projectDirPath = "";
			projectRoot = "";
			targets = (
				79EFD68C278395A42284F483 /* MiseEnPlace */,
			);
		};
/* End PBXProject section */

/* Begin PBXResourcesBuildPhase section */
		0AB224510126D5739F2DB346 /* Resources */ = {
			isa = PBXResourcesBuildPhase;
			buildActionMask = 2147483647;
			files = (
				007AF544E1FF81F9EA4E4AB8 /* Assets.xcassets in Resources */,
				DA815B567A705775665E1303 /* meals.json in Resources */,
			);
			runOnlyForDeploymentPostprocessing = 0;
		};
/* End PBXResourcesBuildPhase section */

/* Begin PBXSourcesBuildPhase section */
		AD3954CAE60DF80D87766324 /* Sources */ = {
			isa = PBXSourcesBuildPhase;
			buildActionMask = 2147483647;
			files = (
				132EBCFAD3CA92CD768297A4 /* DataSeeder.swift in Sources */,
				56167BC8E90F8EAB33C05F0C /* FavoritesView.swift in Sources */,
				A7E01BD06AA5A045B125DD0F /* FeedView.swift in Sources */,
				5FD1B1DB0BAF4B25D3CE28B4 /* GroceryListView.swift in Sources */,
				EC47806B74BCBC178E9A1DF3 /* Meal.swift in Sources */,
				B78AA08F2906008FE2A0D7CE /* MealActions.swift in Sources */,
				058428C8BF4F4F7229504B6B /* MealCard.swift in Sources */,
				CCBC73DEE144BD79209415A3 /* MealDetailView.swift in Sources */,
				65DC7CFADBF0BA33B420C3A6 /* MealImage.swift in Sources */,
				1028BA20BB193DA287D478E9 /* MiseEnPlaceApp.swift in Sources */,
				69F534DD88D0CC25BBE2737D /* PlannerView.swift in Sources */,
				9F6D760E25DD2ED2D49201A2 /* SignInSheet.swift in Sources */,
				FEE31488CB4573B9F4ECC967 /* SimilarMealsCard.swift in Sources */,
				54D19FB76A0265967520D60E /* SimilarMealsRow.swift in Sources */,
				2BECB50BC4E472DD11F9E59E /* StatBadge.swift in Sources */,
				EFC88BCC68DCB58E539BC180 /* Theme.swift in Sources */,
			);
			runOnlyForDeploymentPostprocessing = 0;
		};
/* End PBXSourcesBuildPhase section */

/* Begin XCBuildConfiguration section */
		1E7E375424BB82B5EC994F53 /* Debug */ = {
			isa = XCBuildConfiguration;
			buildSettings = {
				ALWAYS_SEARCH_USER_PATHS = NO;
				CLANG_ANALYZER_NONNULL = YES;
				CLANG_ANALYZER_NUMBER_OBJECT_CONVERSION = YES_AGGRESSIVE;
				CLANG_CXX_LANGUAGE_STANDARD = "gnu++14";
				CLANG_CXX_LIBRARY = "libc++";
				CLANG_ENABLE_MODULES = YES;
				CLANG_ENABLE_OBJC_ARC = YES;
				CLANG_ENABLE_OBJC_WEAK = YES;
				CLANG_WARN_BLOCK_CAPTURE_AUTORELEASING = YES;
				CLANG_WARN_BOOL_CONVERSION = YES;
				CLANG_WARN_COMMA = YES;
				CLANG_WARN_CONSTANT_CONVERSION = YES;
				CLANG_WARN_DEPRECATED_OBJC_IMPLEMENTATIONS = YES;
				CLANG_WARN_DIRECT_OBJC_ISA_USAGE = YES_ERROR;
				CLANG_WARN_DOCUMENTATION_COMMENTS = YES;
				CLANG_WARN_EMPTY_BODY = YES;
				CLANG_WARN_ENUM_CONVERSION = YES;
				CLANG_WARN_INFINITE_RECURSION = YES;
				CLANG_WARN_INT_CONVERSION = YES;
				CLANG_WARN_NON_LITERAL_NULL_CONVERSION = YES;
				CLANG_WARN_OBJC_IMPLICIT_RETAIN_SELF = YES;
				CLANG_WARN_OBJC_LITERAL_CONVERSION = YES;
				CLANG_WARN_OBJC_ROOT_CLASS = YES_ERROR;
				CLANG_WARN_QUOTED_INCLUDE_IN_FRAMEWORK_HEADER = YES;
				CLANG_WARN_RANGE_LOOP_ANALYSIS = YES;
				CLANG_WARN_STRICT_PROTOTYPES = YES;
				CLANG_WARN_SUSPICIOUS_MOVE = YES;
				CLANG_WARN_UNGUARDED_AVAILABILITY = YES_AGGRESSIVE;
				CLANG_WARN_UNREACHABLE_CODE = YES;
				CLANG_WARN__DUPLICATE_METHOD_MATCH = YES;
				CODE_SIGN_STYLE = Automatic;
				COPY_PHASE_STRIP = NO;
				DEBUG_INFORMATION_FORMAT = dwarf;
				DEVELOPMENT_TEAM = VMXQN9K3P2;
				ENABLE_STRICT_OBJC_MSGSEND = YES;
				ENABLE_TESTABILITY = YES;
				GCC_C_LANGUAGE_STANDARD = gnu11;
				GCC_DYNAMIC_NO_PIC = NO;
				GCC_NO_COMMON_BLOCKS = YES;
				GCC_OPTIMIZATION_LEVEL = 0;
				GCC_PREPROCESSOR_DEFINITIONS = (
					"$(inherited)",
					"DEBUG=1",
				);
				GCC_WARN_64_TO_32_BIT_CONVERSION = YES;
				GCC_WARN_ABOUT_RETURN_TYPE = YES_ERROR;
				GCC_WARN_UNDECLARED_SELECTOR = YES;
				GCC_WARN_UNINITIALIZED_AUTOS = YES_AGGRESSIVE;
				GCC_WARN_UNUSED_FUNCTION = YES;
				GCC_WARN_UNUSED_VARIABLE = YES;
				IPHONEOS_DEPLOYMENT_TARGET = 17.0;
				MTL_ENABLE_DEBUG_INFO = INCLUDE_SOURCE;
				MTL_FAST_MATH = YES;
				ONLY_ACTIVE_ARCH = YES;
				PRODUCT_NAME = "$(TARGET_NAME)";
				SDKROOT = iphoneos;
				SWIFT_ACTIVE_COMPILATION_CONDITIONS = DEBUG;
				SWIFT_OPTIMIZATION_LEVEL = "-Onone";
				SWIFT_VERSION = 5.9;
			};
			name = Debug;
		};
		562C5692D4B746248DA0DC57 /* Release */ = {
			isa = XCBuildConfiguration;
			buildSettings = {
				ASSETCATALOG_COMPILER_APPICON_NAME = AppIcon;
				CODE_SIGN_IDENTITY = "iPhone Developer";
				INFOPLIST_FILE = MiseEnPlace/Info.plist;
				LD_RUNPATH_SEARCH_PATHS = (
					"$(inherited)",
					"@executable_path/Frameworks",
				);
				PRODUCT_BUNDLE_IDENTIFIER = com.ahmedkhaledmohamed.MiseEnPlace;
				SDKROOT = iphoneos;
				TARGETED_DEVICE_FAMILY = "1,2";
			};
			name = Release;
		};
		A033565E6DB486A319D0FAF9 /* Debug */ = {
			isa = XCBuildConfiguration;
			buildSettings = {
				ASSETCATALOG_COMPILER_APPICON_NAME = AppIcon;
				CODE_SIGN_IDENTITY = "iPhone Developer";
				INFOPLIST_FILE = MiseEnPlace/Info.plist;
				LD_RUNPATH_SEARCH_PATHS = (
					"$(inherited)",
					"@executable_path/Frameworks",
				);
				PRODUCT_BUNDLE_IDENTIFIER = com.ahmedkhaledmohamed.MiseEnPlace;
				SDKROOT = iphoneos;
				TARGETED_DEVICE_FAMILY = "1,2";
			};
			name = Debug;
		};
		DA469573135771284AF9970F /* Release */ = {
			isa = XCBuildConfiguration;
			buildSettings = {
				ALWAYS_SEARCH_USER_PATHS = NO;
				CLANG_ANALYZER_NONNULL = YES;
				CLANG_ANALYZER_NUMBER_OBJECT_CONVERSION = YES_AGGRESSIVE;
				CLANG_CXX_LANGUAGE_STANDARD = "gnu++14";
				CLANG_CXX_LIBRARY = "libc++";
				CLANG_ENABLE_MODULES = YES;
				CLANG_ENABLE_OBJC_ARC = YES;
				CLANG_ENABLE_OBJC_WEAK = YES;
				CLANG_WARN_BLOCK_CAPTURE_AUTORELEASING = YES;
				CLANG_WARN_BOOL_CONVERSION = YES;
				CLANG_WARN_COMMA = YES;
				CLANG_WARN_CONSTANT_CONVERSION = YES;
				CLANG_WARN_DEPRECATED_OBJC_IMPLEMENTATIONS = YES;
				CLANG_WARN_DIRECT_OBJC_ISA_USAGE = YES_ERROR;
				CLANG_WARN_DOCUMENTATION_COMMENTS = YES;
				CLANG_WARN_EMPTY_BODY = YES;
				CLANG_WARN_ENUM_CONVERSION = YES;
				CLANG_WARN_INFINITE_RECURSION = YES;
				CLANG_WARN_INT_CONVERSION = YES;
				CLANG_WARN_NON_LITERAL_NULL_CONVERSION = YES;
				CLANG_WARN_OBJC_IMPLICIT_RETAIN_SELF = YES;
				CLANG_WARN_OBJC_LITERAL_CONVERSION = YES;
				CLANG_WARN_OBJC_ROOT_CLASS = YES_ERROR;
				CLANG_WARN_QUOTED_INCLUDE_IN_FRAMEWORK_HEADER = YES;
				CLANG_WARN_RANGE_LOOP_ANALYSIS = YES;
				CLANG_WARN_STRICT_PROTOTYPES = YES;
				CLANG_WARN_SUSPICIOUS_MOVE = YES;
				CLANG_WARN_UNGUARDED_AVAILABILITY = YES_AGGRESSIVE;
				CLANG_WARN_UNREACHABLE_CODE = YES;
				CLANG_WARN__DUPLICATE_METHOD_MATCH = YES;
				CODE_SIGN_STYLE = Automatic;
				COPY_PHASE_STRIP = NO;
				DEBUG_INFORMATION_FORMAT = "dwarf-with-dsym";
				DEVELOPMENT_TEAM = VMXQN9K3P2;
				ENABLE_NS_ASSERTIONS = NO;
				ENABLE_STRICT_OBJC_MSGSEND = YES;
				GCC_C_LANGUAGE_STANDARD = gnu11;
				GCC_NO_COMMON_BLOCKS = YES;
				GCC_WARN_64_TO_32_BIT_CONVERSION = YES;
				GCC_WARN_ABOUT_RETURN_TYPE = YES_ERROR;
				GCC_WARN_UNDECLARED_SELECTOR = YES;
				GCC_WARN_UNINITIALIZED_AUTOS = YES_AGGRESSIVE;
				GCC_WARN_UNUSED_FUNCTION = YES;
				GCC_WARN_UNUSED_VARIABLE = YES;
				IPHONEOS_DEPLOYMENT_TARGET = 17.0;
				MTL_ENABLE_DEBUG_INFO = NO;
				MTL_FAST_MATH = YES;
				PRODUCT_NAME = "$(TARGET_NAME)";
				SDKROOT = iphoneos;
				SWIFT_COMPILATION_MODE = wholemodule;
				SWIFT_OPTIMIZATION_LEVEL = "-O";
				SWIFT_VERSION = 5.9;
			};
			name = Release;
		};
/* End XCBuildConfiguration section */

/* Begin XCConfigurationList section */
		8705F29D135F9D939FDDCD59 /* Build configuration list for PBXProject "MiseEnPlace" */ = {
			isa = XCConfigurationList;
			buildConfigurations = (
				1E7E375424BB82B5EC994F53 /* Debug */,
				DA469573135771284AF9970F /* Release */,
			);
			defaultConfigurationIsVisible = 0;
			defaultConfigurationName = Debug;
		};
		B16052C2DE1A737D9A4EE037 /* Build configuration list for PBXNativeTarget "MiseEnPlace" */ = {
			isa = XCConfigurationList;
			buildConfigurations = (
				A033565E6DB486A319D0FAF9 /* Debug */,
				562C5692D4B746248DA0DC57 /* Release */,
			);
			defaultConfigurationIsVisible = 0;
			defaultConfigurationName = Debug;
		};
/* End XCConfigurationList section */
	};
	rootObject = 20296B70CC79316D0FA43549 /* Project object */;
}
